// !$*UTF8*$!
{
	archiveVersion = 1;
	classes = {
	};
	objectVersion = 55;
	objects = {

/* Begin PBXBuildFile section */
		FB76A5F227DC39EB00E60417 /* boxing_appApp.swift in Sources */ = {isa = PBXBuildFile; fileRef = FB76A5F127DC39EB00E60417 /* boxing_appApp.swift */; };
		FB76A5F427DC39EB00E60417 /* ContentView.swift in Sources */ = {isa = PBXBuildFile; fileRef = FB76A5F327DC39EB00E60417 /* ContentView.swift */; };
		FB76A5F627DC39ED00E60417 /* Assets.xcassets in Resources */ = {isa = PBXBuildFile; fileRef = FB76A5F527DC39ED00E60417 /* Assets.xcassets */; };
		FB76A5F927DC39ED00E60417 /* Preview Assets.xcassets in Resources */ = {isa = PBXBuildFile; fileRef = FB76A5F827DC39ED00E60417 /* Preview Assets.xcassets */; };
		FB76A60327DC39ED00E60417 /* boxing_appTests.swift in Sources */ = {isa = PBXBuildFile; fileRef = FB76A60227DC39ED00E60417 /* boxing_appTests.swift */; };
		FB76A60D27DC39ED00E60417 /* boxing_appUITests.swift in Sources */ = {isa = PBXBuildFile; fileRef = FB76A60C27DC39ED00E60417 /* boxing_appUITests.swift */; };
		FB76A60F27DC39ED00E60417 /* boxing_appUITestsLaunchTests.swift in Sources */ = {isa = PBXBuildFile; fileRef = FB76A60E27DC39ED00E60417 /* boxing_appUITestsLaunchTests.swift */; };
		FB7B461F28CD0A9D00F9F9F9 /* BoxView.swift in Sources */ = {isa = PBXBuildFile; fileRef = FB7B461E28CD0A9D00F9F9F9 /* BoxView.swift */; };
		FB7B462428D0AA6400F9F9F9 /* bell.mp3 in Resources */ = {isa = PBXBuildFile; fileRef = FB7B462328D0AA6400F9F9F9 /* bell.mp3 */; };
		FB7B462628D0AA7C00F9F9F9 /* beep.mp3 in Resources */ = {isa = PBXBuildFile; fileRef = FB7B462528D0AA7C00F9F9F9 /* beep.mp3 */; };
		FB7B462828D0AA9200F9F9F9 /* single_bell.mp3 in Resources */ = {isa = PBXBuildFile; fileRef = FB7B462728D0AA9200F9F9F9 /* single_bell.mp3 */; };
		FBC6F12928BE40DC009F1CD8 /* Toaster in Frameworks */ = {isa = PBXBuildFile; productRef = FBC6F12828BE40DC009F1CD8 /* Toaster */; };
		FBC6F12C28BE5CCF009F1CD8 /* PrepView.swift in Sources */ = {isa = PBXBuildFile; fileRef = FBC6F12B28BE5CCF009F1CD8 /* PrepView.swift */; };
/* End PBXBuildFile section */

/* Begin PBXContainerItemProxy section */
		FB76A5FF27DC39ED00E60417 /* PBXContainerItemProxy */ = {
			isa = PBXContainerItemProxy;
			containerPortal = FB76A5E627DC39EB00E60417 /* Project object */;
			proxyType = 1;
			remoteGlobalIDString = FB76A5ED27DC39EB00E60417;
			remoteInfo = "boxing-app";
		};
		FB76A60927DC39ED00E60417 /* PBXContainerItemProxy */ = {
			isa = PBXContainerItemProxy;
			containerPortal = FB76A5E627DC39EB00E60417 /* Project object */;
			proxyType = 1;
			remoteGlobalIDString = FB76A5ED27DC39EB00E60417;
			remoteInfo = "boxing-app";
		};
/* End PBXContainerItemProxy section */

/* Begin PBXFileReference section */
		FB76A5EE27DC39EB00E60417 /* Flacky's Boxing App.app */ = {isa = PBXFileReference; explicitFileType = wrapper.application; includeInIndex = 0; path = "Flacky's Boxing App.app"; sourceTree = BUILT_PRODUCTS_DIR; };
		FB76A5F127DC39EB00E60417 /* boxing_appApp.swift */ = {isa = PBXFileReference; lastKnownFileType = sourcecode.swift; path = boxing_appApp.swift; sourceTree = "<group>"; };
		FB76A5F327DC39EB00E60417 /* ContentView.swift */ = {isa = PBXFileReference; lastKnownFileType = sourcecode.swift; path = ContentView.swift; sourceTree = "<group>"; };
		FB76A5F527DC39ED00E60417 /* Assets.xcassets */ = {isa = PBXFileReference; lastKnownFileType = folder.assetcatalog; path = Assets.xcassets; sourceTree = "<group>"; };
		FB76A5F827DC39ED00E60417 /* Preview Assets.xcassets */ = {isa = PBXFileReference; lastKnownFileType = folder.assetcatalog; path = "Preview Assets.xcassets"; sourceTree = "<group>"; };
		FB76A5FE27DC39ED00E60417 /* boxing-appTests.xctest */ = {isa = PBXFileReference; explicitFileType = wrapper.cfbundle; includeInIndex = 0; path = "boxing-appTests.xctest"; sourceTree = BUILT_PRODUCTS_DIR; };
		FB76A60227DC39ED00E60417 /* boxing_appTests.swift */ = {isa = PBXFileReference; lastKnownFileType = sourcecode.swift; path = boxing_appTests.swift; sourceTree = "<group>"; };
		FB76A60827DC39ED00E60417 /* boxing-appUITests.xctest */ = {isa = PBXFileReference; explicitFileType = wrapper.cfbundle; includeInIndex = 0; path = "boxing-appUITests.xctest"; sourceTree = BUILT_PRODUCTS_DIR; };
		FB76A60C27DC39ED00E60417 /* boxing_appUITests.swift */ = {isa = PBXFileReference; lastKnownFileType = sourcecode.swift; path = boxing_appUITests.swift; sourceTree = "<group>"; };
		FB76A60E27DC39ED00E60417 /* boxing_appUITestsLaunchTests.swift */ = {isa = PBXFileReference; lastKnownFileType = sourcecode.swift; path = boxing_appUITestsLaunchTests.swift; sourceTree = "<group>"; };
		FB7B461E28CD0A9D00F9F9F9 /* BoxView.swift */ = {isa = PBXFileReference; lastKnownFileType = sourcecode.swift; path = BoxView.swift; sourceTree = "<group>"; };
		FB7B462328D0AA6400F9F9F9 /* bell.mp3 */ = {isa = PBXFileReference; lastKnownFileType = audio.mp3; name = bell.mp3; path = "boxing-app/Assets.xcassets/bell.dataset/bell.mp3"; sourceTree = SOURCE_ROOT; };
		FB7B462528D0AA7C00F9F9F9 /* beep.mp3 */ = {isa = PBXFileReference; lastKnownFileType = audio.mp3; name = beep.mp3; path = "boxing-app/Assets.xcassets/beep.dataset/beep.mp3"; sourceTree = SOURCE_ROOT; };
		FB7B462728D0AA9200F9F9F9 /* single_bell.mp3 */ = {isa = PBXFileReference; lastKnownFileType = audio.mp3; name = single_bell.mp3; path = "boxing-app/Assets.xcassets/single_bell.dataset/single_bell.mp3"; sourceTree = SOURCE_ROOT; };
		FBC6F12B28BE5CCF009F1CD8 /* PrepView.swift */ = {isa = PBXFileReference; lastKnownFileType = sourcecode.swift; path = PrepView.swift; sourceTree = "<group>"; };
/* End PBXFileReference section */

/* Begin PBXFrameworksBuildPhase section */
		FB76A5EB27DC39EB00E60417 /* Frameworks */ = {
			isa = PBXFrameworksBuildPhase;
			buildActionMask = 2147483647;
			files = (
				FBC6F12928BE40DC009F1CD8 /* Toaster in Frameworks */,
			);
			runOnlyForDeploymentPostprocessing = 0;
		};
		FB76A5FB27DC39ED00E60417 /* Frameworks */ = {
			isa = PBXFrameworksBuildPhase;
			buildActionMask = 2147483647;
			files = (
			);
			runOnlyForDeploymentPostprocessing = 0;
		};
		FB76A60527DC39ED00E60417 /* Frameworks */ = {
			isa = PBXFrameworksBuildPhase;
			buildActionMask = 2147483647;
			files = (
			);
			runOnlyForDeploymentPostprocessing = 0;
		};
/* End PBXFrameworksBuildPhase section */

/* Begin PBXGroup section */
		FB76A5E527DC39EB00E60417 = {
			isa = PBXGroup;
			children = (
				FB76A5F027DC39EB00E60417 /* boxing-app */,
				FB76A60127DC39ED00E60417 /* boxing-appTests */,
				FB76A60B27DC39ED00E60417 /* boxing-appUITests */,
				FB76A5EF27DC39EB00E60417 /* Products */,
				FBC6F12A28BE4108009F1CD8 /* Frameworks */,
			);
			sourceTree = "<group>";
		};
		FB76A5EF27DC39EB00E60417 /* Products */ = {
			isa = PBXGroup;
			children = (
				FB76A5EE27DC39EB00E60417 /* Flacky's Boxing App.app */,
				FB76A5FE27DC39ED00E60417 /* boxing-appTests.xctest */,
				FB76A60827DC39ED00E60417 /* boxing-appUITests.xctest */,
			);
			name = Products;
			sourceTree = "<group>";
		};
		FB76A5F027DC39EB00E60417 /* boxing-app */ = {
			isa = PBXGroup;
			children = (
				FB7B462228D0A9F700F9F9F9 /* Sound */,
				FB76A5F127DC39EB00E60417 /* boxing_appApp.swift */,
				FB76A5F327DC39EB00E60417 /* ContentView.swift */,
				FB76A5F527DC39ED00E60417 /* Assets.xcassets */,
				FB76A5F727DC39ED00E60417 /* Preview Content */,
				FBC6F12B28BE5CCF009F1CD8 /* PrepView.swift */,
				FB7B461E28CD0A9D00F9F9F9 /* BoxView.swift */,
			);
			path = "boxing-app";
			sourceTree = "<group>";
		};
		FB76A5F727DC39ED00E60417 /* Preview Content */ = {
			isa = PBXGroup;
			children = (
				FB76A5F827DC39ED00E60417 /* Preview Assets.xcassets */,
			);
			path = "Preview Content";
			sourceTree = "<group>";
		};
		FB76A60127DC39ED00E60417 /* boxing-appTests */ = {
			isa = PBXGroup;
			children = (
				FB76A60227DC39ED00E60417 /* boxing_appTests.swift */,
			);
			path = "boxing-appTests";
			sourceTree = "<group>";
		};
		FB76A60B27DC39ED00E60417 /* boxing-appUITests */ = {
			isa = PBXGroup;
			children = (
				FB76A60C27DC39ED00E60417 /* boxing_appUITests.swift */,
				FB76A60E27DC39ED00E60417 /* boxing_appUITestsLaunchTests.swift */,
			);
			path = "boxing-appUITests";
			sourceTree = "<group>";
		};
		FB7B462228D0A9F700F9F9F9 /* Sound */ = {
			isa = PBXGroup;
			children = (
				FB7B462728D0AA9200F9F9F9 /* single_bell.mp3 */,
				FB7B462528D0AA7C00F9F9F9 /* beep.mp3 */,
				FB7B462328D0AA6400F9F9F9 /* bell.mp3 */,
			);
			path = Sound;
			sourceTree = "<group>";
		};
		FBC6F12A28BE4108009F1CD8 /* Frameworks */ = {
			isa = PBXGroup;
			children = (
			);
			name = Frameworks;
			sourceTree = "<group>";
		};
/* End PBXGroup section */

/* Begin PBXNativeTarget section */
		FB76A5ED27DC39EB00E60417 /* boxing-app */ = {
			isa = PBXNativeTarget;
			buildConfigurationList = FB76A61227DC39ED00E60417 /* Build configuration list for PBXNativeTarget "boxing-app" */;
			buildPhases = (
				FB76A5EA27DC39EB00E60417 /* Sources */,
				FB76A5EB27DC39EB00E60417 /* Frameworks */,
				FB76A5EC27DC39EB00E60417 /* Resources */,
			);
			buildRules = (
			);
			dependencies = (
			);
			name = "boxing-app";
			packageProductDependencies = (
				FBC6F12828BE40DC009F1CD8 /* Toaster */,
			);
			productName = "boxing-app";
			productReference = FB76A5EE27DC39EB00E60417 /* Flacky's Boxing App.app */;
			productType = "com.apple.product-type.application";
		};
		FB76A5FD27DC39ED00E60417 /* boxing-appTests */ = {
			isa = PBXNativeTarget;
			buildConfigurationList = FB76A61527DC39ED00E60417 /* Build configuration list for PBXNativeTarget "boxing-appTests" */;
			buildPhases = (
				FB76A5FA27DC39ED00E60417 /* Sources */,
				FB76A5FB27DC39ED00E60417 /* Frameworks */,
				FB76A5FC27DC39ED00E60417 /* Resources */,
			);
			buildRules = (
			);
			dependencies = (
				FB76A60027DC39ED00E60417 /* PBXTargetDependency */,
			);
			name = "boxing-appTests";
			productName = "boxing-appTests";
			productReference = FB76A5FE27DC39ED00E60417 /* boxing-appTests.xctest */;
			productType = "com.apple.product-type.bundle.unit-test";
		};
		FB76A60727DC39ED00E60417 /* boxing-appUITests */ = {
			isa = PBXNativeTarget;
			buildConfigurationList = FB76A61827DC39ED00E60417 /* Build configuration list for PBXNativeTarget "boxing-appUITests" */;
			buildPhases = (
				FB76A60427DC39ED00E60417 /* Sources */,
				FB76A60527DC39ED00E60417 /* Frameworks */,
				FB76A60627DC39ED00E60417 /* Resources */,
			);
			buildRules = (
			);
			dependencies = (
				FB76A60A27DC39ED00E60417 /* PBXTargetDependency */,
			);
			name = "boxing-appUITests";
			productName = "boxing-appUITests";
			productReference = FB76A60827DC39ED00E60417 /* boxing-appUITests.xctest */;
			productType = "com.apple.product-type.bundle.ui-testing";
		};
/* End PBXNativeTarget section */

/* Begin PBXProject section */
		FB76A5E627DC39EB00E60417 /* Project object */ = {
			isa = PBXProject;
			attributes = {
				BuildIndependentTargetsInParallel = 1;
				LastSwiftUpdateCheck = 1330;
				LastUpgradeCheck = 1330;
				TargetAttributes = {
					FB76A5ED27DC39EB00E60417 = {
						CreatedOnToolsVersion = 13.3;
					};
					FB76A5FD27DC39ED00E60417 = {
						CreatedOnToolsVersion = 13.3;
						TestTargetID = FB76A5ED27DC39EB00E60417;
					};
					FB76A60727DC39ED00E60417 = {
						CreatedOnToolsVersion = 13.3;
						TestTargetID = FB76A5ED27DC39EB00E60417;
					};
				};
			};
			buildConfigurationList = FB76A5E927DC39EB00E60417 /* Build configuration list for PBXProject "boxing-app" */;
			compatibilityVersion = "Xcode 13.0";
			developmentRegion = en;
			hasScannedForEncodings = 0;
			knownRegions = (
				en,
				Base,
			);
			mainGroup = FB76A5E527DC39EB00E60417;
			packageReferences = (
				FBC6F12628BE3FDD009F1CD8 /* XCRemoteSwiftPackageReference "Toaster" */,
				FBC6F12728BE40DC009F1CD8 /* XCRemoteSwiftPackageReference "Toaster" */,
			);
			productRefGroup = FB76A5EF27DC39EB00E60417 /* Products */;
			projectDirPath = "";
			projectRoot = "";
			targets = (
				FB76A5ED27DC39EB00E60417 /* boxing-app */,
				FB76A5FD27DC39ED00E60417 /* boxing-appTests */,
				FB76A60727DC39ED00E60417 /* boxing-appUITests */,
			);
		};
/* End PBXProject section */

/* Begin PBXResourcesBuildPhase section */
		FB76A5EC27DC39EB00E60417 /* Resources */ = {
			isa = PBXResourcesBuildPhase;
			buildActionMask = 2147483647;
			files = (
				FB7B462828D0AA9200F9F9F9 /* single_bell.mp3 in Resources */,
				FB76A5F927DC39ED00E60417 /* Preview Assets.xcassets in Resources */,
				FB76A5F627DC39ED00E60417 /* Assets.xcassets in Resources */,
				FB7B462628D0AA7C00F9F9F9 /* beep.mp3 in Resources */,
				FB7B462428D0AA6400F9F9F9 /* bell.mp3 in Resources */,
			);
			runOnlyForDeploymentPostprocessing = 0;
		};
		FB76A5FC27DC39ED00E60417 /* Resources */ = {
			isa = PBXResourcesBuildPhase;
			buildActionMask = 2147483647;
			files = (
			);
			runOnlyForDeploymentPostprocessing = 0;
		};
		FB76A60627DC39ED00E60417 /* Resources */ = {
			isa = PBXResourcesBuildPhase;
			buildActionMask = 2147483647;
			files = (
			);
			runOnlyForDeploymentPostprocessing = 0;
		};
/* End PBXResourcesBuildPhase section */

/* Begin PBXSourcesBuildPhase section */
		FB76A5EA27DC39EB00E60417 /* Sources */ = {
			isa = PBXSourcesBuildPhase;
			buildActionMask = 2147483647;
			files = (
				FB7B461F28CD0A9D00F9F9F9 /* BoxView.swift in Sources */,
				FB76A5F427DC39EB00E60417 /* ContentView.swift in Sources */,
				FB76A5F227DC39EB00E60417 /* boxing_appApp.swift in Sources */,
				FBC6F12C28BE5CCF009F1CD8 /* PrepView.swift in Sources */,
			);
			runOnlyForDeploymentPostprocessing = 0;
		};
		FB76A5FA27DC39ED00E60417 /* Sources */ = {
			isa = PBXSourcesBuildPhase;
			buildActionMask = 2147483647;
			files = (
				FB76A60327DC39ED00E60417 /* boxing_appTests.swift in Sources */,
			);
			runOnlyForDeploymentPostprocessing = 0;
		};
		FB76A60427DC39ED00E60417 /* Sources */ = {
			isa = PBXSourcesBuildPhase;
			buildActionMask = 2147483647;
			files = (
				FB76A60D27DC39ED00E60417 /* boxing_appUITests.swift in Sources */,
				FB76A60F27DC39ED00E60417 /* boxing_appUITestsLaunchTests.swift in Sources */,
			);
			runOnlyForDeploymentPostprocessing = 0;
		};
/* End PBXSourcesBuildPhase section */

/* Begin PBXTargetDependency section */
		FB76A60027DC39ED00E60417 /* PBXTargetDependency */ = {
			isa = PBXTargetDependency;
			target = FB76A5ED27DC39EB00E60417 /* boxing-app */;
			targetProxy = FB76A5FF27DC39ED00E60417 /* PBXContainerItemProxy */;
		};
		FB76A60A27DC39ED00E60417 /* PBXTargetDependency */ = {
			isa = PBXTargetDependency;
			target = FB76A5ED27DC39EB00E60417 /* boxing-app */;
			targetProxy = FB76A60927DC39ED00E60417 /* PBXContainerItemProxy */;
		};
/* End PBXTargetDependency section */

/* Begin XCBuildConfiguration section */
		FB76A61027DC39ED00E60417 /* Debug */ = {
			isa = XCBuildConfiguration;
			buildSettings = {
				ALWAYS_SEARCH_USER_PATHS = NO;
				CLANG_ANALYZER_NONNULL = YES;
				CLANG_ANALYZER_NUMBER_OBJECT_CONVERSION = YES_AGGRESSIVE;
				CLANG_CXX_LANGUAGE_STANDARD = "gnu++17";
				CLANG_ENABLE_MODULES = YES;
				CLANG_ENABLE_OBJC_ARC = YES;
				CLANG_ENABLE_OBJC_WEAK = YES;
				CLANG_WARN_BLOCK_CAPTURE_AUTORELEASING = YES;
				CLANG_WARN_BOOL_CONVERSION = YES;
				CLANG_WARN_COMMA = YES;
				CLANG_WARN_CONSTANT_CONVERSION = YES;
				CLANG_WARN_DEPRECATED_OBJC_IMPLEMENTATIONS = YES;
				CLANG_WARN_DIRECT_OBJC_ISA_USAGE = YES_ERROR;
				CLANG_WARN_DOCUMENTATION_COMMENTS = YES;
				CLANG_WARN_EMPTY_BODY = YES;
				CLANG_WARN_ENUM_CONVERSION = YES;
				CLANG_WARN_INFINITE_RECURSION = YES;
				CLANG_WARN_INT_CONVERSION = YES;
				CLANG_WARN_NON_LITERAL_NULL_CONVERSION = YES;
				CLANG_WARN_OBJC_IMPLICIT_RETAIN_SELF = YES;
				CLANG_WARN_OBJC_LITERAL_CONVERSION = YES;
				CLANG_WARN_OBJC_ROOT_CLASS = YES_ERROR;
				CLANG_WARN_QUOTED_INCLUDE_IN_FRAMEWORK_HEADER = YES;
				CLANG_WARN_RANGE_LOOP_ANALYSIS = YES;
				CLANG_WARN_STRICT_PROTOTYPES = YES;
				CLANG_WARN_SUSPICIOUS_MOVE = YES;
				CLANG_WARN_UNGUARDED_AVAILABILITY = YES_AGGRESSIVE;
				CLANG_WARN_UNREACHABLE_CODE = YES;
				CLANG_WARN__DUPLICATE_METHOD_MATCH = YES;
				COPY_PHASE_STRIP = NO;
				DEBUG_INFORMATION_FORMAT = dwarf;
				ENABLE_STRICT_OBJC_MSGSEND = YES;
				ENABLE_TESTABILITY = YES;
				GCC_C_LANGUAGE_STANDARD = gnu11;
				GCC_DYNAMIC_NO_PIC = NO;
				GCC_NO_COMMON_BLOCKS = YES;
				GCC_OPTIMIZATION_LEVEL = 0;
				GCC_PREPROCESSOR_DEFINITIONS = (
					"DEBUG=1",
					"$(inherited)",
				);
				GCC_WARN_64_TO_32_BIT_CONVERSION = YES;
				GCC_WARN_ABOUT_RETURN_TYPE = YES_ERROR;
				GCC_WARN_UNDECLARED_SELECTOR = YES;
				GCC_WARN_UNINITIALIZED_AUTOS = YES_AGGRESSIVE;
				GCC_WARN_UNUSED_FUNCTION = YES;
				GCC_WARN_UNUSED_VARIABLE = YES;
				IPHONEOS_DEPLOYMENT_TARGET = 15.4;
				MTL_ENABLE_DEBUG_INFO = INCLUDE_SOURCE;
				MTL_FAST_MATH = YES;
				ONLY_ACTIVE_ARCH = YES;
				SDKROOT = iphoneos;
				SWIFT_ACTIVE_COMPILATION_CONDITIONS = DEBUG;
				SWIFT_OPTIMIZATION_LEVEL = "-Onone";
			};
			name = Debug;
		};
		FB76A61127DC39ED00E60417 /* Release */ = {
			isa = XCBuildConfiguration;
			buildSettings = {
				ALWAYS_SEARCH_USER_PATHS = NO;
				CLANG_ANALYZER_NONNULL = YES;
				CLANG_ANALYZER_NUMBER_OBJECT_CONVERSION = YES_AGGRESSIVE;
				CLANG_CXX_LANGUAGE_STANDARD = "gnu++17";
				CLANG_ENABLE_MODULES = YES;
				CLANG_ENABLE_OBJC_ARC = YES;
				CLANG_ENABLE_OBJC_WEAK = YES;
				CLANG_WARN_BLOCK_CAPTURE_AUTORELEASING = YES;
				CLANG_WARN_BOOL_CONVERSION = YES;
				CLANG_WARN_COMMA = YES;
				CLANG_WARN_CONSTANT_CONVERSION = YES;
				CLANG_WARN_DEPRECATED_OBJC_IMPLEMENTATIONS = YES;
				CLANG_WARN_DIRECT_OBJC_ISA_USAGE = YES_ERROR;
				CLANG_WARN_DOCUMENTATION_COMMENTS = YES;
				CLANG_WARN_EMPTY_BODY = YES;
				CLANG_WARN_ENUM_CONVERSION = YES;
				CLANG_WARN_INFINITE_RECURSION = YES;
				CLANG_WARN_INT_CONVERSION = YES;
				CLANG_WARN_NON_LITERAL_NULL_CONVERSION = YES;
				CLANG_WARN_OBJC_IMPLICIT_RETAIN_SELF = YES;
				CLANG_WARN_OBJC_LITERAL_CONVERSION = YES;
				CLANG_WARN_OBJC_ROOT_CLASS = YES_ERROR;
				CLANG_WARN_QUOTED_INCLUDE_IN_FRAMEWORK_HEADER = YES;
				CLANG_WARN_RANGE_LOOP_ANALYSIS = YES;
				CLANG_WARN_STRICT_PROTOTYPES = YES;
				CLANG_WARN_SUSPICIOUS_MOVE = YES;
				CLANG_WARN_UNGUARDED_AVAILABILITY = YES_AGGRESSIVE;
				CLANG_WARN_UNREACHABLE_CODE = YES;
				CLANG_WARN__DUPLICATE_METHOD_MATCH = YES;
				COPY_PHASE_STRIP = NO;
				DEBUG_INFORMATION_FORMAT = "dwarf-with-dsym";
				ENABLE_NS_ASSERTIONS = NO;
				ENABLE_STRICT_OBJC_MSGSEND = YES;
				GCC_C_LANGUAGE_STANDARD = gnu11;
				GCC_NO_COMMON_BLOCKS = YES;
				GCC_WARN_64_TO_32_BIT_CONVERSION = YES;
				GCC_WARN_ABOUT_RETURN_TYPE = YES_ERROR;
				GCC_WARN_UNDECLARED_SELECTOR = YES;
				GCC_WARN_UNINITIALIZED_AUTOS = YES_AGGRESSIVE;
				GCC_WARN_UNUSED_FUNCTION = YES;
				GCC_WARN_UNUSED_VARIABLE = YES;
				IPHONEOS_DEPLOYMENT_TARGET = 15.4;
				MTL_ENABLE_DEBUG_INFO = NO;
				MTL_FAST_MATH = YES;
				SDKROOT = iphoneos;
				SWIFT_COMPILATION_MODE = wholemodule;
				SWIFT_OPTIMIZATION_LEVEL = "-O";
				VALIDATE_PRODUCT = YES;
			};
			name = Release;
		};
		FB76A61327DC39ED00E60417 /* Debug */ = {
			isa = XCBuildConfiguration;
			buildSettings = {
				ASSETCATALOG_COMPILER_APPICON_NAME = AppIcon;
				ASSETCATALOG_COMPILER_GLOBAL_ACCENT_COLOR_NAME = AccentColor;
				CODE_SIGN_STYLE = Automatic;
				CURRENT_PROJECT_VERSION = 1;
				DEVELOPMENT_ASSET_PATHS = "\"boxing-app/Preview Content\"";
				DEVELOPMENT_TEAM = B49AZ75Z62;
				ENABLE_PREVIEWS = YES;
				GENERATE_INFOPLIST_FILE = YES;
				INFOPLIST_KEY_UIApplicationSceneManifest_Generation = YES;
				INFOPLIST_KEY_UIApplicationSupportsIndirectInputEvents = YES;
				INFOPLIST_KEY_UILaunchScreen_Generation = YES;
				INFOPLIST_KEY_UISupportedInterfaceOrientations = UIInterfaceOrientationPortrait;
				INFOPLIST_KEY_UISupportedInterfaceOrientations_iPad = "UIInterfaceOrientationPortrait UIInterfaceOrientationPortraitUpsideDown UIInterfaceOrientationLandscapeLeft UIInterfaceOrientationLandscapeRight";
				INFOPLIST_KEY_UISupportedInterfaceOrientations_iPhone = "UIInterfaceOrientationPortrait UIInterfaceOrientationLandscapeLeft UIInterfaceOrientationLandscapeRight";
				LD_RUNPATH_SEARCH_PATHS = (
					"$(inherited)",
					"@executable_path/Frameworks",
				);
				MARKETING_VERSION = 1.0;
				PRODUCT_BUNDLE_IDENTIFIER = "EdFlack.boxing-app";
				PRODUCT_NAME = "Flacky's Boxing App";
				SWIFT_EMIT_LOC_STRINGS = YES;
				SWIFT_VERSION = 5.0;
				TARGETED_DEVICE_FAMILY = "1,2";
			};
			name = Debug;
		};
		FB76A61427DC39ED00E60417 /* Release */ = {
			isa = XCBuildConfiguration;
			buildSettings = {
				ASSETCATALOG_COMPILER_APPICON_NAME = AppIcon;
				ASSETCATALOG_COMPILER_GLOBAL_ACCENT_COLOR_NAME = AccentColor;
				CODE_SIGN_STYLE = Automatic;
				CURRENT_PROJECT_VERSION = 1;
				DEVELOPMENT_ASSET_PATHS = "\"boxing-app/Preview Content\"";
				DEVELOPMENT_TEAM = B49AZ75Z62;
				ENABLE_PREVIEWS = YES;
				GENERATE_INFOPLIST_FILE = YES;
				INFOPLIST_KEY_UIApplicationSceneManifest_Generation = YES;
				INFOPLIST_KEY_UIApplicationSupportsIndirectInputEvents = YES;
				INFOPLIST_KEY_UILaunchScreen_Generation = YES;
				INFOPLIST_KEY_UISupportedInterfaceOrientations = UIInterfaceOrientationPortrait;
				INFOPLIST_KEY_UISupportedInterfaceOrientations_iPad = "UIInterfaceOrientationPortrait UIInterfaceOrientationPortraitUpsideDown UIInterfaceOrientationLandscapeLeft UIInterfaceOrientationLandscapeRight";
				INFOPLIST_KEY_UISupportedInterfaceOrientations_iPhone = "UIInterfaceOrientationPortrait UIInterfaceOrientationLandscapeLeft UIInterfaceOrientationLandscapeRight";
				LD_RUNPATH_SEARCH_PATHS = (
					"$(inherited)",
					"@executable_path/Frameworks",
				);
				MARKETING_VERSION = 1.0;
				PRODUCT_BUNDLE_IDENTIFIER = "EdFlack.boxing-app";
				PRODUCT_NAME = "Flacky's Boxing App";
				SWIFT_EMIT_LOC_STRINGS = YES;
				SWIFT_VERSION = 5.0;
				TARGETED_DEVICE_FAMILY = "1,2";
			};
			name = Release;
		};
		FB76A61627DC39ED00E60417 /* Debug */ = {
			isa = XCBuildConfiguration;
			buildSettings = {
				ALWAYS_EMBED_SWIFT_STANDARD_LIBRARIES = YES;
				BUNDLE_LOADER = "$(TEST_HOST)";
				CODE_SIGN_STYLE = Automatic;
				CURRENT_PROJECT_VERSION = 1;
				GENERATE_INFOPLIST_FILE = YES;
				IPHONEOS_DEPLOYMENT_TARGET = 15.4;
				MARKETING_VERSION = 1.0;
				PRODUCT_BUNDLE_IDENTIFIER = "EdFlack.boxing-appTests";
				PRODUCT_NAME = "$(TARGET_NAME)";
				SWIFT_EMIT_LOC_STRINGS = NO;
				SWIFT_VERSION = 5.0;
				TARGETED_DEVICE_FAMILY = "1,2";
				TEST_HOST = "$(BUILT_PRODUCTS_DIR)/boxing-app.app/boxing-app";
			};
			name = Debug;
		};
		FB76A61727DC39ED00E60417 /* Release */ = {
			isa = XCBuildConfiguration;
			buildSettings = {
				ALWAYS_EMBED_SWIFT_STANDARD_LIBRARIES = YES;
				BUNDLE_LOADER = "$(TEST_HOST)";
				CODE_SIGN_STYLE = Automatic;
				CURRENT_PROJECT_VERSION = 1;
				GENERATE_INFOPLIST_FILE = YES;
				IPHONEOS_DEPLOYMENT_TARGET = 15.4;
				MARKETING_VERSION = 1.0;
				PRODUCT_BUNDLE_IDENTIFIER = "EdFlack.boxing-appTests";
				PRODUCT_NAME = "$(TARGET_NAME)";
				SWIFT_EMIT_LOC_STRINGS = NO;
				SWIFT_VERSION = 5.0;
				TARGETED_DEVICE_FAMILY = "1,2";
				TEST_HOST = "$(BUILT_PRODUCTS_DIR)/boxing-app.app/boxing-app";
			};
			name = Release;
		};
		FB76A61927DC39ED00E60417 /* Debug */ = {
			isa = XCBuildConfiguration;
			buildSettings = {
				ALWAYS_EMBED_SWIFT_STANDARD_LIBRARIES = YES;
				CODE_SIGN_STYLE = Automatic;
				CURRENT_PROJECT_VERSION = 1;
				GENERATE_INFOPLIST_FILE = YES;
				MARKETING_VERSION = 1.0;
				PRODUCT_BUNDLE_IDENTIFIER = "EdFlack.boxing-appUITests";
				PRODUCT_NAME = "$(TARGET_NAME)";
				SWIFT_EMIT_LOC_STRINGS = NO;
				SWIFT_VERSION = 5.0;
				TARGETED_DEVICE_FAMILY = "1,2";
				TEST_TARGET_NAME = "boxing-app";
			};
			name = Debug;
		};
		FB76A61A27DC39ED00E60417 /* Release */ = {
			isa = XCBuildConfiguration;
			buildSettings = {
				ALWAYS_EMBED_SWIFT_STANDARD_LIBRARIES = YES;
				CODE_SIGN_STYLE = Automatic;
				CURRENT_PROJECT_VERSION = 1;
				GENERATE_INFOPLIST_FILE = YES;
				MARKETING_VERSION = 1.0;
				PRODUCT_BUNDLE_IDENTIFIER = "EdFlack.boxing-appUITests";
				PRODUCT_NAME = "$(TARGET_NAME)";
				SWIFT_EMIT_LOC_STRINGS = NO;
				SWIFT_VERSION = 5.0;
				TARGETED_DEVICE_FAMILY = "1,2";
				TEST_TARGET_NAME = "boxing-app";
			};
			name = Release;
		};
/* End XCBuildConfiguration section */

/* Begin XCConfigurationList section */
		FB76A5E927DC39EB00E60417 /* Build configuration list for PBXProject "boxing-app" */ = {
			isa = XCConfigurationList;
			buildConfigurations = (
				FB76A61027DC39ED00E60417 /* Debug */,
				FB76A61127DC39ED00E60417 /* Release */,
			);
			defaultConfigurationIsVisible = 0;
			defaultConfigurationName = Release;
		};
		FB76A61227DC39ED00E60417 /* Build configuration list for PBXNativeTarget "boxing-app" */ = {
			isa = XCConfigurationList;
			buildConfigurations = (
				FB76A61327DC39ED00E60417 /* Debug */,
				FB76A61427DC39ED00E60417 /* Release */,
			);
			defaultConfigurationIsVisible = 0;
			defaultConfigurationName = Release;
		};
		FB76A61527DC39ED00E60417 /* Build configuration list for PBXNativeTarget "boxing-appTests" */ = {
			isa = XCConfigurationList;
			buildConfigurations = (
				FB76A61627DC39ED00E60417 /* Debug */,
				FB76A61727DC39ED00E60417 /* Release */,
			);
			defaultConfigurationIsVisible = 0;
			defaultConfigurationName = Release;
		};
		FB76A61827DC39ED00E60417 /* Build configuration list for PBXNativeTarget "boxing-appUITests" */ = {
			isa = XCConfigurationList;
			buildConfigurations = (
				FB76A61927DC39ED00E60417 /* Debug */,
				FB76A61A27DC39ED00E60417 /* Release */,
			);
			defaultConfigurationIsVisible = 0;
			defaultConfigurationName = Release;
		};
/* End XCConfigurationList section */

/* Begin XCRemoteSwiftPackageReference section */
		FBC6F12628BE3FDD009F1CD8 /* XCRemoteSwiftPackageReference "Toaster" */ = {
			isa = XCRemoteSwiftPackageReference;
			repositoryURL = "https://github.com/devxoul/Toaster.git";
			requirement = {
				kind = upToNextMajorVersion;
				minimumVersion = 2.0.0;
			};
		};
		FBC6F12728BE40DC009F1CD8 /* XCRemoteSwiftPackageReference "Toaster" */ = {
			isa = XCRemoteSwiftPackageReference;
			repositoryURL = "https://github.com/devxoul/Toaster.git";
			requirement = {
				branch = master;
				kind = branch;
			};
		};
/* End XCRemoteSwiftPackageReference section */

/* Begin XCSwiftPackageProductDependency section */
		FBC6F12828BE40DC009F1CD8 /* Toaster */ = {
			isa = XCSwiftPackageProductDependency;
			package = FBC6F12728BE40DC009F1CD8 /* XCRemoteSwiftPackageReference "Toaster" */;
			productName = Toaster;
		};
/* End XCSwiftPackageProductDependency section */
	};
	rootObject = FB76A5E627DC39EB00E60417 /* Project object */;
}
